
Microsoft Visual Studio Solution File, Format Version 12.00
# Visual Studio Version 17
VisualStudioVersion = 17.14.36109.1 d17.14
MinimumVisualStudioVersion = 10.0.40219.1
Project("{FAE04EC0-301F-11D3-BF4B-00C04F79EFBC}") = "KASHOP.PL", "KASHOP.PL\KASHOP.PL.csproj", "{386E3B18-55FA-45EB-8536-1F434C868224}"
EndProject
Project("{FAE04EC0-301F-11D3-BF4B-00C04F79EFBC}") = "KASHOP.BLL", "KASHOP.BLL\KASHOP.BLL.csproj", "{0130C56A-02B9-457D-810C-594BCCBC19F0}"
EndProject
Project("{FAE04EC0-301F-11D3-BF4B-00C04F79EFBC}") = "KASHOP.DAL", "KASHOP.DAL\KASHOP.DAL.csproj", "{1FC0EE4F-6A5A-4DFE-9D8A-1093BFBE606D}"
EndProject
Global
	GlobalSection(SolutionConfigurationPlatforms) = preSolution
		Debug|Any CPU = Debug|Any CPU
		Release|Any CPU = Release|Any CPU
	EndGlobalSection
	GlobalSection(ProjectConfigurationPlatforms) = postSolution
		{386E3B18-55FA-45EB-8536-1F434C868224}.Debug|Any CPU.ActiveCfg = Debug|Any CPU
		{386E3B18-55FA-45EB-8536-1F434C868224}.Debug|Any CPU.Build.0 = Debug|Any CPU
		{386E3B18-55FA-45EB-8536-1F434C868224}.Release|Any CPU.ActiveCfg = Release|Any CPU
		{386E3B18-55FA-45EB-8536-1F434C868224}.Release|Any CPU.Build.0 = Release|Any CPU
		{0130C56A-02B9-457D-810C-594BCCBC19F0}.Debug|Any CPU.ActiveCfg = Debug|Any CPU
		{0130C56A-02B9-457D-810C-594BCCBC19F0}.Debug|Any CPU.Build.0 = Debug|Any CPU
		{0130C56A-02B9-457D-810C-594BCCBC19F0}.Release|Any CPU.ActiveCfg = Release|Any CPU
		{0130C56A-02B9-457D-810C-594BCCBC19F0}.Release|Any CPU.Build.0 = Release|Any CPU
		{1FC0EE4F-6A5A-4DFE-9D8A-1093BFBE606D}.Debug|Any CPU.ActiveCfg = Debug|Any CPU
		{1FC0EE4F-6A5A-4DFE-9D8A-1093BFBE606D}.Debug|Any CPU.Build.0 = Debug|Any CPU
		{1FC0EE4F-6A5A-4DFE-9D8A-1093BFBE606D}.Release|Any CPU.ActiveCfg = Release|Any CPU
		{1FC0EE4F-6A5A-4DFE-9D8A-1093BFBE606D}.Release|Any CPU.Build.0 = Release|Any CPU
	EndGlobalSection
	GlobalSection(SolutionProperties) = preSolution
		HideSolutionNode = FALSE
	EndGlobalSection
	GlobalSection(ExtensibilityGlobals) = postSolution
		SolutionGuid = {4CD69E1E-DBA6-4B46-8500-6D3393D1EEA6}
	EndGlobalSection
EndGlobal
